
Microsoft Visual Studio Solution File, Format Version 12.00
# Visual Studio Version 17
VisualStudioVersion = 17.0.31912.275
MinimumVisualStudioVersion = 10.0.40219.1
Project("{FAE04EC0-301F-11D3-BF4B-00C04F79EFBC}") = "MySuperBank", "MySuperBank\MySuperBank.csproj", "{9BC79681-486C-4468-9316-4D0DAA6854FF}"
EndProject
Global
	GlobalSection(SolutionConfigurationPlatforms) = preSolution
		Debug|Any CPU = Debug|Any CPU
		Release|Any CPU = Release|Any CPU
	EndGlobalSection
	GlobalSection(ProjectConfigurationPlatforms) = postSolution
		{9BC79681-486C-4468-9316-4D0DAA6854FF}.Debug|Any CPU.ActiveCfg = Debug|Any CPU
		{9BC79681-486C-4468-9316-4D0DAA6854FF}.Debug|Any CPU.Build.0 = Debug|Any CPU
		{9BC79681-486C-4468-9316-4D0DAA6854FF}.Release|Any CPU.ActiveCfg = Release|Any CPU
		{9BC79681-486C-4468-9316-4D0DAA6854FF}.Release|Any CPU.Build.0 = Release|Any CPU
	EndGlobalSection
	GlobalSection(SolutionProperties) = preSolution
		HideSolutionNode = FALSE
	EndGlobalSection
	GlobalSection(ExtensibilityGlobals) = postSolution
		SolutionGuid = {3F0E0954-DD05-4F48-A924-C589D8E3A61F}
	EndGlobalSection
EndGlobal
